
Microsoft Visual Studio Solution File, Format Version 12.00
# Visual Studio 2015
Project("{FAE04EC0-301F-11D3-BF4B-00C04F79EFBC}") = "New Unity Project 3.CSharp.Plugins", "New Unity Project 3.CSharp.Plugins.csproj", "{E1B3E9AC-11D3-8EE7-8F8C-55C912291AFE}"
EndProject
Project("{FAE04EC0-301F-11D3-BF4B-00C04F79EFBC}") = "New Unity Project 3.CSharp", "New Unity Project 3.CSharp.csproj", "{1E3FDF37-6B74-042D-064D-73A549DBD5E0}"
EndProject
Project("{FAE04EC0-301F-11D3-BF4B-00C04F79EFBC}") = "New Unity Project 3.CSharp.Editor", "New Unity Project 3.CSharp.Editor.csproj", "{C516FB8A-7274-ABD4-900B-42DF8ADC90B6}"
EndProject
Global
	GlobalSection(SolutionConfigurationPlatforms) = preSolution
		Debug|Any CPU = Debug|Any CPU
		Release|Any CPU = Release|Any CPU
	EndGlobalSection
	GlobalSection(ProjectConfigurationPlatforms) = postSolution
		{E1B3E9AC-11D3-8EE7-8F8C-55C912291AFE}.Debug|Any CPU.ActiveCfg = Debug|Any CPU
		{E1B3E9AC-11D3-8EE7-8F8C-55C912291AFE}.Debug|Any CPU.Build.0 = Debug|Any CPU
		{E1B3E9AC-11D3-8EE7-8F8C-55C912291AFE}.Release|Any CPU.ActiveCfg = Release|Any CPU
		{E1B3E9AC-11D3-8EE7-8F8C-55C912291AFE}.Release|Any CPU.Build.0 = Release|Any CPU
		{1E3FDF37-6B74-042D-064D-73A549DBD5E0}.Debug|Any CPU.ActiveCfg = Debug|Any CPU
		{1E3FDF37-6B74-042D-064D-73A549DBD5E0}.Debug|Any CPU.Build.0 = Debug|Any CPU
		{1E3FDF37-6B74-042D-064D-73A549DBD5E0}.Release|Any CPU.ActiveCfg = Release|Any CPU
		{1E3FDF37-6B74-042D-064D-73A549DBD5E0}.Release|Any CPU.Build.0 = Release|Any CPU
		{C516FB8A-7274-ABD4-900B-42DF8ADC90B6}.Debug|Any CPU.ActiveCfg = Debug|Any CPU
		{C516FB8A-7274-ABD4-900B-42DF8ADC90B6}.Debug|Any CPU.Build.0 = Debug|Any CPU
		{C516FB8A-7274-ABD4-900B-42DF8ADC90B6}.Release|Any CPU.ActiveCfg = Release|Any CPU
		{C516FB8A-7274-ABD4-900B-42DF8ADC90B6}.Release|Any CPU.Build.0 = Release|Any CPU
	EndGlobalSection
	GlobalSection(SolutionProperties) = preSolution
		HideSolutionNode = FALSE
	EndGlobalSection
EndGlobal
